
Microsoft Visual Studio Solution File, Format Version 12.00
# Visual Studio Version 17
VisualStudioVersion = 17.4.33205.214
MinimumVisualStudioVersion = 10.0.40219.1
Project("{FAE04EC0-301F-11D3-BF4B-00C04F79EFBC}") = "calculatorWinForm", "calculatorWinForm\calculatorWinForm.csproj", "{01F06A4B-8508-47C6-B761-4CB727CA86D7}"
EndProject
Global
	GlobalSection(SolutionConfigurationPlatforms) = preSolution
		Debug|Any CPU = Debug|Any CPU
		Release|Any CPU = Release|Any CPU
	EndGlobalSection
	GlobalSection(ProjectConfigurationPlatforms) = postSolution
		{01F06A4B-8508-47C6-B761-4CB727CA86D7}.Debug|Any CPU.ActiveCfg = Debug|Any CPU
		{01F06A4B-8508-47C6-B761-4CB727CA86D7}.Debug|Any CPU.Build.0 = Debug|Any CPU
		{01F06A4B-8508-47C6-B761-4CB727CA86D7}.Release|Any CPU.ActiveCfg = Release|Any CPU
		{01F06A4B-8508-47C6-B761-4CB727CA86D7}.Release|Any CPU.Build.0 = Release|Any CPU
	EndGlobalSection
	GlobalSection(SolutionProperties) = preSolution
		HideSolutionNode = FALSE
	EndGlobalSection
	GlobalSection(ExtensibilityGlobals) = postSolution
		SolutionGuid = {EDDE3AAF-32E1-4A9A-920E-91638F7B8936}
	EndGlobalSection
EndGlobal
